{
  "lockfile-version": 1,
  "manifest": {
    "version": 1,
    "install": {
      "hugo": {
        "pkg-path": "hugo"
      },
      "just": {
        "pkg-path": "just"
      }
    },
    "hook": {},
    "profile": {},
    "options": {}
  },
  "packages": [
    {
      "attr_path": "hugo",
      "broken": false,
      "derivation": "/nix/store/fsqyhhjc04x4yd7hh6y79lhh8jp19qby-hugo-0.151.2.drv",
      "description": "Fast and modern static website engine",
      "install_id": "hugo",
      "license": "Apache-2.0",
      "locked_url": "https://github.com/flox/nixpkgs?rev=6a08e6bb4e46ff7fcbb53d409b253f6bad8a28ce",
      "name": "hugo-0.151.2",
      "pname": "hugo",
      "rev": "6a08e6bb4e46ff7fcbb53d409b253f6bad8a28ce",
      "rev_count": 883951,
      "rev_date": "2025-10-25T06:24:58Z",
      "scrape_date": "2025-10-27T02:08:29.341364Z",
      "stabilities": [
        "unstable"
      ],
      "unfree": false,
      "version": "0.151.2",
      "outputs_to_install": [
        "out"
      ],
      "outputs": {
        "out": "/nix/store/kjjsylynr6a0xxjh00b6lxqcsbcc15v2-hugo-0.151.2"
      },
      "system": "aarch64-darwin",
      "group": "toplevel",
      "priority": 5
    },
    {
      "attr_path": "hugo",
      "broken": false,
      "derivation": "/nix/store/scbhlh2mkkddlf5qlsqlb6sjj5fzx8bv-hugo-0.151.2.drv",
      "description": "Fast and modern static website engine",
      "install_id": "hugo",
      "license": "Apache-2.0",
      "locked_url": "https://github.com/flox/nixpkgs?rev=6a08e6bb4e46ff7fcbb53d409b253f6bad8a28ce",
      "name": "hugo-0.151.2",
      "pname": "hugo",
      "rev": "6a08e6bb4e46ff7fcbb53d409b253f6bad8a28ce",
      "rev_count": 883951,
      "rev_date": "2025-10-25T06:24:58Z",
      "scrape_date": "2025-10-27T02:18:44.912484Z",
      "stabilities": [
        "unstable"
      ],
      "unfree": false,
      "version": "0.151.2",
      "outputs_to_install": [
        "out"
      ],
      "outputs": {
        "out": "/nix/store/3xn79jq72d5a6wyxbqy332mscqw80x7b-hugo-0.151.2"
      },
      "system": "aarch64-linux",
      "group": "toplevel",
      "priority": 5
    },
    {
      "attr_path": "hugo",
      "broken": false,
      "derivation": "/nix/store/ynkm0cwyxidywvasz7mdlfl7mwbv84fx-hugo-0.151.2.drv",
      "description": "Fast and modern static website engine",
      "install_id": "hugo",
      "license": "Apache-2.0",
      "locked_url": "https://github.com/flox/nixpkgs?rev=6a08e6bb4e46ff7fcbb53d409b253f6bad8a28ce",
      "name": "hugo-0.151.2",
      "pname": "hugo",
      "rev": "6a08e6bb4e46ff7fcbb53d409b253f6bad8a28ce",
      "rev_count": 883951,
      "rev_date": "2025-10-25T06:24:58Z",
      "scrape_date": "2025-10-27T02:29:35.445439Z",
      "stabilities": [
        "unstable"
      ],
      "unfree": false,
      "version": "0.151.2",
      "outputs_to_install": [
        "out"
      ],
      "outputs": {
        "out": "/nix/store/87m6q2291kb3qyznsla5mxjgs2j4rxwb-hugo-0.151.2"
      },
      "system": "x86_64-darwin",
      "group": "toplevel",
      "priority": 5
    },
    {
      "attr_path": "hugo",
      "broken": false,
      "derivation": "/nix/store/1ccr8hrnza87kdn4i3z8cssnvdbcwc1r-hugo-0.151.2.drv",
      "description": "Fast and modern static website engine",
      "install_id": "hugo",
      "license": "Apache-2.0",
      "locked_url": "https://github.com/flox/nixpkgs?rev=6a08e6bb4e46ff7fcbb53d409b253f6bad8a28ce",
      "name": "hugo-0.151.2",
      "pname": "hugo",
      "rev": "6a08e6bb4e46ff7fcbb53d409b253f6bad8a28ce",
      "rev_count": 883951,
      "rev_date": "2025-10-25T06:24:58Z",
      "scrape_date": "2025-10-27T03:01:14.628511Z",
      "stabilities": [
        "unstable"
      ],
      "unfree": false,
      "version": "0.151.2",
      "outputs_to_install": [
        "out"
      ],
      "outputs": {
        "out": "/nix/store/01wfp3sw4y68z3dp397d7x0mqmmv4b87-hugo-0.151.2"
      },
      "system": "x86_64-linux",
      "group": "toplevel",
      "priority": 5
    },
    {
      "attr_path": "just",
      "broken": false,
      "derivation": "/nix/store/zr035h8dzq9lh7m0zi2dk2i4a2jkfn56-just-1.43.0.drv",
      "description": "Handy way to save and run project-specific commands",
      "install_id": "just",
      "license": "CC0-1.0",
      "locked_url": "https://github.com/flox/nixpkgs?rev=6a08e6bb4e46ff7fcbb53d409b253f6bad8a28ce",
      "name": "just-1.43.0",
      "pname": "just",
      "rev": "6a08e6bb4e46ff7fcbb53d409b253f6bad8a28ce",
      "rev_count": 883951,
      "rev_date": "2025-10-25T06:24:58Z",
      "scrape_date": "2025-10-27T02:08:30.506094Z",
      "stabilities": [
        "unstable"
      ],
      "unfree": false,
      "version": "1.43.0",
      "outputs_to_install": [
        "man",
        "out"
      ],
      "outputs": {
        "doc": "/nix/store/10ksvsgsl1bgsjb4lj0bfhll90pm2fl5-just-1.43.0-doc",
        "man": "/nix/store/68wlq1vznxmb6v3frwy1skwc44h24hj1-just-1.43.0-man",
        "out": "/nix/store/7bs66yy7i31k1q2sbi61mm1jpbnvk9da-just-1.43.0"
      },
      "system": "aarch64-darwin",
      "group": "toplevel",
      "priority": 5
    },
    {
      "attr_path": "just",
      "broken": false,
      "derivation": "/nix/store/bdhdd8iz68ql008vv368ir9xjfxdwnmm-just-1.43.0.drv",
      "description": "Handy way to save and run project-specific commands",
      "install_id": "just",
      "license": "CC0-1.0",
      "locked_url": "https://github.com/flox/nixpkgs?rev=6a08e6bb4e46ff7fcbb53d409b253f6bad8a28ce",
      "name": "just-1.43.0",
      "pname": "just",
      "rev": "6a08e6bb4e46ff7fcbb53d409b253f6bad8a28ce",
      "rev_count": 883951,
      "rev_date": "2025-10-25T06:24:58Z",
      "scrape_date": "2025-10-27T02:18:46.684535Z",
      "stabilities": [
        "unstable"
      ],
      "unfree": false,
      "version": "1.43.0",
      "outputs_to_install": [
        "man",
        "out"
      ],
      "outputs": {
        "doc": "/nix/store/04fi9z40qln84rwkrww36cfc6a34bw8v-just-1.43.0-doc",
        "man": "/nix/store/l0pj7gw81g1hpg85rv0gq6fs2jcfm80g-just-1.43.0-man",
        "out": "/nix/store/a0f2aq42jlv1lh0nn0hlanhxq4sjwq99-just-1.43.0"
      },
      "system": "aarch64-linux",
      "group": "toplevel",
      "priority": 5
    },
    {
      "attr_path": "just",
      "broken": false,
      "derivation": "/nix/store/2yd8hh9cf1hpi07cdp49q8mfyh9crxxj-just-1.43.0.drv",
      "description": "Handy way to save and run project-specific commands",
      "install_id": "just",
      "license": "CC0-1.0",
      "locked_url": "https://github.com/flox/nixpkgs?rev=6a08e6bb4e46ff7fcbb53d409b253f6bad8a28ce",
      "name": "just-1.43.0",
      "pname": "just",
      "rev": "6a08e6bb4e46ff7fcbb53d409b253f6bad8a28ce",
      "rev_count": 883951,
      "rev_date": "2025-10-25T06:24:58Z",
      "scrape_date": "2025-10-27T02:29:36.507380Z",
      "stabilities": [
        "unstable"
      ],
      "unfree": false,
      "version": "1.43.0",
      "outputs_to_install": [
        "man",
        "out"
      ],
      "outputs": {
        "doc": "/nix/store/i75gir70s710c2jb2ax9icg9zc0xps6w-just-1.43.0-doc",
        "man": "/nix/store/y5ah44dhjsznkm09bxfq09v5yhysly0d-just-1.43.0-man",
        "out": "/nix/store/czixgh95zgkl19qlgrgrp4i9cbfl4s9n-just-1.43.0"
      },
      "system": "x86_64-darwin",
      "group": "toplevel",
      "priority": 5
    },
    {
      "attr_path": "just",
      "broken": false,
      "derivation": "/nix/store/9v84867qh3h6p5ypigrx6a36z0a12qr6-just-1.43.0.drv",
      "description": "Handy way to save and run project-specific commands",
      "install_id": "just",
      "license": "CC0-1.0",
      "locked_url": "https://github.com/flox/nixpkgs?rev=6a08e6bb4e46ff7fcbb53d409b253f6bad8a28ce",
      "name": "just-1.43.0",
      "pname": "just",
      "rev": "6a08e6bb4e46ff7fcbb53d409b253f6bad8a28ce",
      "rev_count": 883951,
      "rev_date": "2025-10-25T06:24:58Z",
      "scrape_date": "2025-10-27T03:01:16.512379Z",
      "stabilities": [
        "unstable"
      ],
      "unfree": false,
      "version": "1.43.0",
      "outputs_to_install": [
        "man",
        "out"
      ],
      "outputs": {
        "doc": "/nix/store/21i9bih900kw3clpc25ni37rdfyblgd2-just-1.43.0-doc",
        "man": "/nix/store/pj7l9s5z7vj1nh96s7p3ncxg777rhzw2-just-1.43.0-man",
        "out": "/nix/store/k5q96fd99bnxw0k4n2d0xbvklyqb86nr-just-1.43.0"
      },
      "system": "x86_64-linux",
      "group": "toplevel",
      "priority": 5
    }
  ]
}